
Microsoft Visual Studio Solution File, Format Version 12.00
# Visual Studio Version 16
VisualStudioVersion = 16.0.33529.622
MinimumVisualStudioVersion = 10.0.40219.1
Project("{8BC9CEB8-8B4A-11D0-8D11-00A0C91BC942}") = "Project_05_17", "Project_05_17\Project_05_17.vcxproj", "{ACD542EA-6591-46CF-A926-8385CA462FCD}"
EndProject
Global
	GlobalSection(SolutionConfigurationPlatforms) = preSolution
		Debug|x64 = Debug|x64
		Debug|x86 = Debug|x86
		Release|x64 = Release|x64
		Release|x86 = Release|x86
	EndGlobalSection
	GlobalSection(ProjectConfigurationPlatforms) = postSolution
		{ACD542EA-6591-46CF-A926-8385CA462FCD}.Debug|x64.ActiveCfg = Debug|x64
		{ACD542EA-6591-46CF-A926-8385CA462FCD}.Debug|x64.Build.0 = Debug|x64
		{ACD542EA-6591-46CF-A926-8385CA462FCD}.Debug|x86.ActiveCfg = Debug|Win32
		{ACD542EA-6591-46CF-A926-8385CA462FCD}.Debug|x86.Build.0 = Debug|Win32
		{ACD542EA-6591-46CF-A926-8385CA462FCD}.Release|x64.ActiveCfg = Release|x64
		{ACD542EA-6591-46CF-A926-8385CA462FCD}.Release|x64.Build.0 = Release|x64
		{ACD542EA-6591-46CF-A926-8385CA462FCD}.Release|x86.ActiveCfg = Release|Win32
		{ACD542EA-6591-46CF-A926-8385CA462FCD}.Release|x86.Build.0 = Release|Win32
	EndGlobalSection
	GlobalSection(SolutionProperties) = preSolution
		HideSolutionNode = FALSE
	EndGlobalSection
	GlobalSection(ExtensibilityGlobals) = postSolution
		SolutionGuid = {A243C1F1-609B-414E-9BFC-E9801FCE4658}
	EndGlobalSection
EndGlobal
